
Microsoft Visual Studio Solution File, Format Version 12.00
# Visual Studio Version 17
VisualStudioVersion = 17.14.36408.4 d17.14
MinimumVisualStudioVersion = 10.0.40219.1
Project("{FAE04EC0-301F-11D3-BF4B-00C04F79EFBC}") = "Activity2", "Activity2\Activity2.csproj", "{011CA828-FDF9-4413-A66D-5EE6BD8B9839}"
EndProject
Global
	GlobalSection(SolutionConfigurationPlatforms) = preSolution
		Debug|Any CPU = Debug|Any CPU
		Release|Any CPU = Release|Any CPU
	EndGlobalSection
	GlobalSection(ProjectConfigurationPlatforms) = postSolution
		{011CA828-FDF9-4413-A66D-5EE6BD8B9839}.Debug|Any CPU.ActiveCfg = Debug|Any CPU
		{011CA828-FDF9-4413-A66D-5EE6BD8B9839}.Debug|Any CPU.Build.0 = Debug|Any CPU
		{011CA828-FDF9-4413-A66D-5EE6BD8B9839}.Release|Any CPU.ActiveCfg = Release|Any CPU
		{011CA828-FDF9-4413-A66D-5EE6BD8B9839}.Release|Any CPU.Build.0 = Release|Any CPU
	EndGlobalSection
	GlobalSection(SolutionProperties) = preSolution
		HideSolutionNode = FALSE
	EndGlobalSection
	GlobalSection(ExtensibilityGlobals) = postSolution
		SolutionGuid = {B9503ED0-1B3F-4A68-ABCA-6670E4966847}
	EndGlobalSection
EndGlobal
