
Microsoft Visual Studio Solution File, Format Version 12.00
# Visual Studio Version 17
VisualStudioVersion = 17.14.36408.4 d17.14
MinimumVisualStudioVersion = 10.0.40219.1
Project("{FAE04EC0-301F-11D3-BF4B-00C04F79EFBC}") = "CityInfo.API", "CityInfo.API\CityInfo.API.csproj", "{B17E3709-07EE-4C5A-BB81-F34EA0399561}"
EndProject
Global
	GlobalSection(SolutionConfigurationPlatforms) = preSolution
		Debug|Any CPU = Debug|Any CPU
		Release|Any CPU = Release|Any CPU
	EndGlobalSection
	GlobalSection(ProjectConfigurationPlatforms) = postSolution
		{B17E3709-07EE-4C5A-BB81-F34EA0399561}.Debug|Any CPU.ActiveCfg = Debug|Any CPU
		{B17E3709-07EE-4C5A-BB81-F34EA0399561}.Debug|Any CPU.Build.0 = Debug|Any CPU
		{B17E3709-07EE-4C5A-BB81-F34EA0399561}.Release|Any CPU.ActiveCfg = Release|Any CPU
		{B17E3709-07EE-4C5A-BB81-F34EA0399561}.Release|Any CPU.Build.0 = Release|Any CPU
	EndGlobalSection
	GlobalSection(SolutionProperties) = preSolution
		HideSolutionNode = FALSE
	EndGlobalSection
	GlobalSection(ExtensibilityGlobals) = postSolution
		SolutionGuid = {4C9A7BC0-CC84-4076-871E-2C5783A8C546}
	EndGlobalSection
EndGlobal
